
Microsoft Visual Studio Solution File, Format Version 12.00
# Visual Studio Version 17
VisualStudioVersion = 17.0.31903.59
MinimumVisualStudioVersion = 10.0.40219.1
Project("{FAE04EC0-301F-11D3-BF4B-00C04F79EFBC}") = "Auth.ApiConsumer", "Auth.ApiConsumer\Auth.ApiConsumer.csproj", "{37AF0B78-EFC1-4107-A496-2C2B788890BE}"
EndProject
Project("{FAE04EC0-301F-11D3-BF4B-00C04F79EFBC}") = "Auth.Models", "Auth.Models\Auth.Models.csproj", "{13A06874-CEE9-4D29-BF14-4E41FF3BB509}"
EndProject
Project("{FAE04EC0-301F-11D3-BF4B-00C04F79EFBC}") = "Auth.WebAPI", "Auth.WebAPI\Auth.WebAPI.csproj", "{5BFA4434-29A1-4964-BBF6-EEBCC255C069}"
EndProject
Global
	GlobalSection(SolutionConfigurationPlatforms) = preSolution
		Debug|Any CPU = Debug|Any CPU
		Release|Any CPU = Release|Any CPU
	EndGlobalSection
	GlobalSection(ProjectConfigurationPlatforms) = postSolution
		{37AF0B78-EFC1-4107-A496-2C2B788890BE}.Debug|Any CPU.ActiveCfg = Debug|Any CPU
		{37AF0B78-EFC1-4107-A496-2C2B788890BE}.Debug|Any CPU.Build.0 = Debug|Any CPU
		{37AF0B78-EFC1-4107-A496-2C2B788890BE}.Release|Any CPU.ActiveCfg = Release|Any CPU
		{37AF0B78-EFC1-4107-A496-2C2B788890BE}.Release|Any CPU.Build.0 = Release|Any CPU
		{13A06874-CEE9-4D29-BF14-4E41FF3BB509}.Debug|Any CPU.ActiveCfg = Debug|Any CPU
		{13A06874-CEE9-4D29-BF14-4E41FF3BB509}.Debug|Any CPU.Build.0 = Debug|Any CPU
		{13A06874-CEE9-4D29-BF14-4E41FF3BB509}.Release|Any CPU.ActiveCfg = Release|Any CPU
		{13A06874-CEE9-4D29-BF14-4E41FF3BB509}.Release|Any CPU.Build.0 = Release|Any CPU
		{5BFA4434-29A1-4964-BBF6-EEBCC255C069}.Debug|Any CPU.ActiveCfg = Debug|Any CPU
		{5BFA4434-29A1-4964-BBF6-EEBCC255C069}.Debug|Any CPU.Build.0 = Debug|Any CPU
		{5BFA4434-29A1-4964-BBF6-EEBCC255C069}.Release|Any CPU.ActiveCfg = Release|Any CPU
		{5BFA4434-29A1-4964-BBF6-EEBCC255C069}.Release|Any CPU.Build.0 = Release|Any CPU
	EndGlobalSection
	GlobalSection(SolutionProperties) = preSolution
		HideSolutionNode = FALSE
	EndGlobalSection
EndGlobal
